
Microsoft Visual Studio Solution File, Format Version 12.00
# Visual Studio Version 17
VisualStudioVersion = 17.9.34607.119
MinimumVisualStudioVersion = 10.0.40219.1
Project("{8BC9CEB8-8B4A-11D0-8D11-00A0C91BC942}") = "ug", "ug\ug.vcxproj", "{E93B7383-633E-42AD-A420-F4A214414516}"
EndProject
Global
	GlobalSection(SolutionConfigurationPlatforms) = preSolution
		Debug|x64 = Debug|x64
		Debug|x86 = Debug|x86
		Release|x64 = Release|x64
		Release|x86 = Release|x86
	EndGlobalSection
	GlobalSection(ProjectConfigurationPlatforms) = postSolution
		{E93B7383-633E-42AD-A420-F4A214414516}.Debug|x64.ActiveCfg = Debug|x64
		{E93B7383-633E-42AD-A420-F4A214414516}.Debug|x64.Build.0 = Debug|x64
		{E93B7383-633E-42AD-A420-F4A214414516}.Debug|x86.ActiveCfg = Debug|Win32
		{E93B7383-633E-42AD-A420-F4A214414516}.Debug|x86.Build.0 = Debug|Win32
		{E93B7383-633E-42AD-A420-F4A214414516}.Release|x64.ActiveCfg = Release|x64
		{E93B7383-633E-42AD-A420-F4A214414516}.Release|x64.Build.0 = Release|x64
		{E93B7383-633E-42AD-A420-F4A214414516}.Release|x86.ActiveCfg = Release|Win32
		{E93B7383-633E-42AD-A420-F4A214414516}.Release|x86.Build.0 = Release|Win32
	EndGlobalSection
	GlobalSection(SolutionProperties) = preSolution
		HideSolutionNode = FALSE
	EndGlobalSection
	GlobalSection(ExtensibilityGlobals) = postSolution
		SolutionGuid = {0514E336-8BDB-4E73-A3E0-7753B257A9E4}
	EndGlobalSection
EndGlobal
